
Microsoft Visual Studio Solution File, Format Version 12.00
# Visual Studio 15
VisualStudioVersion = 15.0.26124.0
MinimumVisualStudioVersion = 15.0.26124.0
Project("{FAE04EC0-301F-11D3-BF4B-00C04F79EFBC}") = "BLL", "BLL\BLL.csproj", "{1CD6DC0C-259E-4D06-B5DE-99813B12189F}"
EndProject
Project("{FAE04EC0-301F-11D3-BF4B-00C04F79EFBC}") = "ConsoleResolver", "ConsoleResolver\ConsoleResolver.csproj", "{3E2A6B68-46BA-483F-AFAE-61DF80C0865C}"
EndProject
Project("{FAE04EC0-301F-11D3-BF4B-00C04F79EFBC}") = "ConsoleResolverTest", "ConsoleResolverTest\ConsoleResolverTest.csproj", "{C02158B7-0AC0-4CF3-927E-1F04B0BE392D}"
EndProject
Project("{FAE04EC0-301F-11D3-BF4B-00C04F79EFBC}") = "BLL.Test", "BLL.Test\BLL.Test.csproj", "{DB4F5D0C-2F00-4EE1-978C-54EDB124C363}"
EndProject
Project("{FAE04EC0-301F-11D3-BF4B-00C04F79EFBC}") = "PL", "PL\PL.csproj", "{2D2D1AC2-F9D0-4050-A560-56C62532AC35}"
EndProject
Global
	GlobalSection(SolutionConfigurationPlatforms) = preSolution
		Debug|Any CPU = Debug|Any CPU
		Debug|x64 = Debug|x64
		Debug|x86 = Debug|x86
		Release|Any CPU = Release|Any CPU
		Release|x64 = Release|x64
		Release|x86 = Release|x86
	EndGlobalSection
	GlobalSection(SolutionProperties) = preSolution
		HideSolutionNode = FALSE
	EndGlobalSection
	GlobalSection(ProjectConfigurationPlatforms) = postSolution
		{1CD6DC0C-259E-4D06-B5DE-99813B12189F}.Debug|Any CPU.ActiveCfg = Debug|Any CPU
		{1CD6DC0C-259E-4D06-B5DE-99813B12189F}.Debug|Any CPU.Build.0 = Debug|Any CPU
		{1CD6DC0C-259E-4D06-B5DE-99813B12189F}.Debug|x64.ActiveCfg = Debug|Any CPU
		{1CD6DC0C-259E-4D06-B5DE-99813B12189F}.Debug|x64.Build.0 = Debug|Any CPU
		{1CD6DC0C-259E-4D06-B5DE-99813B12189F}.Debug|x86.ActiveCfg = Debug|Any CPU
		{1CD6DC0C-259E-4D06-B5DE-99813B12189F}.Debug|x86.Build.0 = Debug|Any CPU
		{1CD6DC0C-259E-4D06-B5DE-99813B12189F}.Release|Any CPU.ActiveCfg = Release|Any CPU
		{1CD6DC0C-259E-4D06-B5DE-99813B12189F}.Release|Any CPU.Build.0 = Release|Any CPU
		{1CD6DC0C-259E-4D06-B5DE-99813B12189F}.Release|x64.ActiveCfg = Release|Any CPU
		{1CD6DC0C-259E-4D06-B5DE-99813B12189F}.Release|x64.Build.0 = Release|Any CPU
		{1CD6DC0C-259E-4D06-B5DE-99813B12189F}.Release|x86.ActiveCfg = Release|Any CPU
		{1CD6DC0C-259E-4D06-B5DE-99813B12189F}.Release|x86.Build.0 = Release|Any CPU
		{3E2A6B68-46BA-483F-AFAE-61DF80C0865C}.Debug|Any CPU.ActiveCfg = Debug|Any CPU
		{3E2A6B68-46BA-483F-AFAE-61DF80C0865C}.Debug|Any CPU.Build.0 = Debug|Any CPU
		{3E2A6B68-46BA-483F-AFAE-61DF80C0865C}.Debug|x64.ActiveCfg = Debug|Any CPU
		{3E2A6B68-46BA-483F-AFAE-61DF80C0865C}.Debug|x64.Build.0 = Debug|Any CPU
		{3E2A6B68-46BA-483F-AFAE-61DF80C0865C}.Debug|x86.ActiveCfg = Debug|Any CPU
		{3E2A6B68-46BA-483F-AFAE-61DF80C0865C}.Debug|x86.Build.0 = Debug|Any CPU
		{3E2A6B68-46BA-483F-AFAE-61DF80C0865C}.Release|Any CPU.ActiveCfg = Release|Any CPU
		{3E2A6B68-46BA-483F-AFAE-61DF80C0865C}.Release|Any CPU.Build.0 = Release|Any CPU
		{3E2A6B68-46BA-483F-AFAE-61DF80C0865C}.Release|x64.ActiveCfg = Release|Any CPU
		{3E2A6B68-46BA-483F-AFAE-61DF80C0865C}.Release|x64.Build.0 = Release|Any CPU
		{3E2A6B68-46BA-483F-AFAE-61DF80C0865C}.Release|x86.ActiveCfg = Release|Any CPU
		{3E2A6B68-46BA-483F-AFAE-61DF80C0865C}.Release|x86.Build.0 = Release|Any CPU
		{C02158B7-0AC0-4CF3-927E-1F04B0BE392D}.Debug|Any CPU.ActiveCfg = Debug|Any CPU
		{C02158B7-0AC0-4CF3-927E-1F04B0BE392D}.Debug|Any CPU.Build.0 = Debug|Any CPU
		{C02158B7-0AC0-4CF3-927E-1F04B0BE392D}.Debug|x64.ActiveCfg = Debug|Any CPU
		{C02158B7-0AC0-4CF3-927E-1F04B0BE392D}.Debug|x64.Build.0 = Debug|Any CPU
		{C02158B7-0AC0-4CF3-927E-1F04B0BE392D}.Debug|x86.ActiveCfg = Debug|Any CPU
		{C02158B7-0AC0-4CF3-927E-1F04B0BE392D}.Debug|x86.Build.0 = Debug|Any CPU
		{C02158B7-0AC0-4CF3-927E-1F04B0BE392D}.Release|Any CPU.ActiveCfg = Release|Any CPU
		{C02158B7-0AC0-4CF3-927E-1F04B0BE392D}.Release|Any CPU.Build.0 = Release|Any CPU
		{C02158B7-0AC0-4CF3-927E-1F04B0BE392D}.Release|x64.ActiveCfg = Release|Any CPU
		{C02158B7-0AC0-4CF3-927E-1F04B0BE392D}.Release|x64.Build.0 = Release|Any CPU
		{C02158B7-0AC0-4CF3-927E-1F04B0BE392D}.Release|x86.ActiveCfg = Release|Any CPU
		{C02158B7-0AC0-4CF3-927E-1F04B0BE392D}.Release|x86.Build.0 = Release|Any CPU
		{DB4F5D0C-2F00-4EE1-978C-54EDB124C363}.Debug|Any CPU.ActiveCfg = Debug|Any CPU
		{DB4F5D0C-2F00-4EE1-978C-54EDB124C363}.Debug|Any CPU.Build.0 = Debug|Any CPU
		{DB4F5D0C-2F00-4EE1-978C-54EDB124C363}.Debug|x64.ActiveCfg = Debug|Any CPU
		{DB4F5D0C-2F00-4EE1-978C-54EDB124C363}.Debug|x64.Build.0 = Debug|Any CPU
		{DB4F5D0C-2F00-4EE1-978C-54EDB124C363}.Debug|x86.ActiveCfg = Debug|Any CPU
		{DB4F5D0C-2F00-4EE1-978C-54EDB124C363}.Debug|x86.Build.0 = Debug|Any CPU
		{DB4F5D0C-2F00-4EE1-978C-54EDB124C363}.Release|Any CPU.ActiveCfg = Release|Any CPU
		{DB4F5D0C-2F00-4EE1-978C-54EDB124C363}.Release|Any CPU.Build.0 = Release|Any CPU
		{DB4F5D0C-2F00-4EE1-978C-54EDB124C363}.Release|x64.ActiveCfg = Release|Any CPU
		{DB4F5D0C-2F00-4EE1-978C-54EDB124C363}.Release|x64.Build.0 = Release|Any CPU
		{DB4F5D0C-2F00-4EE1-978C-54EDB124C363}.Release|x86.ActiveCfg = Release|Any CPU
		{DB4F5D0C-2F00-4EE1-978C-54EDB124C363}.Release|x86.Build.0 = Release|Any CPU
		{2D2D1AC2-F9D0-4050-A560-56C62532AC35}.Debug|Any CPU.ActiveCfg = Debug|Any CPU
		{2D2D1AC2-F9D0-4050-A560-56C62532AC35}.Debug|Any CPU.Build.0 = Debug|Any CPU
		{2D2D1AC2-F9D0-4050-A560-56C62532AC35}.Debug|x64.ActiveCfg = Debug|Any CPU
		{2D2D1AC2-F9D0-4050-A560-56C62532AC35}.Debug|x64.Build.0 = Debug|Any CPU
		{2D2D1AC2-F9D0-4050-A560-56C62532AC35}.Debug|x86.ActiveCfg = Debug|Any CPU
		{2D2D1AC2-F9D0-4050-A560-56C62532AC35}.Debug|x86.Build.0 = Debug|Any CPU
		{2D2D1AC2-F9D0-4050-A560-56C62532AC35}.Release|Any CPU.ActiveCfg = Release|Any CPU
		{2D2D1AC2-F9D0-4050-A560-56C62532AC35}.Release|Any CPU.Build.0 = Release|Any CPU
		{2D2D1AC2-F9D0-4050-A560-56C62532AC35}.Release|x64.ActiveCfg = Release|Any CPU
		{2D2D1AC2-F9D0-4050-A560-56C62532AC35}.Release|x64.Build.0 = Release|Any CPU
		{2D2D1AC2-F9D0-4050-A560-56C62532AC35}.Release|x86.ActiveCfg = Release|Any CPU
		{2D2D1AC2-F9D0-4050-A560-56C62532AC35}.Release|x86.Build.0 = Release|Any CPU
	EndGlobalSection
EndGlobal
